// !$*UTF8*$!
{
	archiveVersion = 1;
	classes = {
	};
	objectVersion = 56;
	objects = {

/* Begin PBXBuildFile section */
		3E444A882A8F8C1600A04A3D /* JunctionApp.swift in Sources */ = {isa = PBXBuildFile; fileRef = 3E444A872A8F8C1600A04A3D /* JunctionApp.swift */; };
		3E444A8A2A8F8C1600A04A3D /* ContentView.swift in Sources */ = {isa = PBXBuildFile; fileRef = 3E444A892A8F8C1600A04A3D /* ContentView.swift */; };
		3E444A8C2A8F8C1800A04A3D /* Assets.xcassets in Resources */ = {isa = PBXBuildFile; fileRef = 3E444A8B2A8F8C1800A04A3D /* Assets.xcassets */; };
		3E444A8F2A8F8C1800A04A3D /* Preview Assets.xcassets in Resources */ = {isa = PBXBuildFile; fileRef = 3E444A8E2A8F8C1800A04A3D /* Preview Assets.xcassets */; };
		3E444A982A8FF55700A04A3D /* SignInView.swift in Sources */ = {isa = PBXBuildFile; fileRef = 3E444A972A8FF55700A04A3D /* SignInView.swift */; };
		3E444A9B2A8FF97700A04A3D /* Network.swift in Sources */ = {isa = PBXBuildFile; fileRef = 3E444A9A2A8FF97700A04A3D /* Network.swift */; };
		3E444A9D2A8FFC0800A04A3D /* LoginView.swift in Sources */ = {isa = PBXBuildFile; fileRef = 3E444A9C2A8FFC0800A04A3D /* LoginView.swift */; };
		3E444A9F2A8FFD9200A04A3D /* ProfileDetailView.swift in Sources */ = {isa = PBXBuildFile; fileRef = 3E444A9E2A8FFD9200A04A3D /* ProfileDetailView.swift */; };
		3E444AA22A8FFEED00A04A3D /* UserDefaultManager.swift in Sources */ = {isa = PBXBuildFile; fileRef = 3E444AA12A8FFEED00A04A3D /* UserDefaultManager.swift */; };
		3E444AA52A90407E00A04A3D /* MainView.swift in Sources */ = {isa = PBXBuildFile; fileRef = 3E444AA42A90407E00A04A3D /* MainView.swift */; };
		3E444AA72A90408E00A04A3D /* GroupListArea.swift in Sources */ = {isa = PBXBuildFile; fileRef = 3E444AA62A90408E00A04A3D /* GroupListArea.swift */; };
		3E444AAA2A90411D00A04A3D /* ColorExtension.swift in Sources */ = {isa = PBXBuildFile; fileRef = 3E444AA92A90411D00A04A3D /* ColorExtension.swift */; };
		3E444AAE2A90415200A04A3D /* FontExtension.swift in Sources */ = {isa = PBXBuildFile; fileRef = 3E444AAD2A90415200A04A3D /* FontExtension.swift */; };
		3E444AB92A9041DC00A04A3D /* Pretendard-SemiBold.otf in Resources */ = {isa = PBXBuildFile; fileRef = 3E444AB02A9041DC00A04A3D /* Pretendard-SemiBold.otf */; };
		3E444ABA2A9041DC00A04A3D /* Pretendard-ExtraLight.otf in Resources */ = {isa = PBXBuildFile; fileRef = 3E444AB12A9041DC00A04A3D /* Pretendard-ExtraLight.otf */; };
		3E444ABB2A9041DC00A04A3D /* Pretendard-ExtraBold.otf in Resources */ = {isa = PBXBuildFile; fileRef = 3E444AB22A9041DC00A04A3D /* Pretendard-ExtraBold.otf */; };
		3E444ABC2A9041DC00A04A3D /* Pretendard-Bold.otf in Resources */ = {isa = PBXBuildFile; fileRef = 3E444AB32A9041DC00A04A3D /* Pretendard-Bold.otf */; };
		3E444ABD2A9041DC00A04A3D /* Pretendard-Light.otf in Resources */ = {isa = PBXBuildFile; fileRef = 3E444AB42A9041DC00A04A3D /* Pretendard-Light.otf */; };
		3E444ABE2A9041DC00A04A3D /* Pretendard-Black.otf in Resources */ = {isa = PBXBuildFile; fileRef = 3E444AB52A9041DC00A04A3D /* Pretendard-Black.otf */; };
		3E444ABF2A9041DC00A04A3D /* Pretendard-Medium.otf in Resources */ = {isa = PBXBuildFile; fileRef = 3E444AB62A9041DC00A04A3D /* Pretendard-Medium.otf */; };
		3E444AC02A9041DC00A04A3D /* Pretendard-Thin.otf in Resources */ = {isa = PBXBuildFile; fileRef = 3E444AB72A9041DC00A04A3D /* Pretendard-Thin.otf */; };
		3E444AC12A9041DC00A04A3D /* Pretendard-Regular.otf in Resources */ = {isa = PBXBuildFile; fileRef = 3E444AB82A9041DC00A04A3D /* Pretendard-Regular.otf */; };
		3E444AC42A90424200A04A3D /* MyPageView.swift in Sources */ = {isa = PBXBuildFile; fileRef = 3E444AC32A90424200A04A3D /* MyPageView.swift */; };
		3E444AC82A90E43000A04A3D /* MainViewComponent.swift in Sources */ = {isa = PBXBuildFile; fileRef = 3E444AC72A90E43000A04A3D /* MainViewComponent.swift */; };
		3E444ACB2A90E84900A04A3D /* TripModel.swift in Sources */ = {isa = PBXBuildFile; fileRef = 3E444ACA2A90E84900A04A3D /* TripModel.swift */; };
/* End PBXBuildFile section */

/* Begin PBXFileReference section */
		3E444A842A8F8C1600A04A3D /* Junction.app */ = {isa = PBXFileReference; explicitFileType = wrapper.application; includeInIndex = 0; path = Junction.app; sourceTree = BUILT_PRODUCTS_DIR; };
		3E444A872A8F8C1600A04A3D /* JunctionApp.swift */ = {isa = PBXFileReference; lastKnownFileType = sourcecode.swift; path = JunctionApp.swift; sourceTree = "<group>"; };
		3E444A892A8F8C1600A04A3D /* ContentView.swift */ = {isa = PBXFileReference; lastKnownFileType = sourcecode.swift; path = ContentView.swift; sourceTree = "<group>"; };
		3E444A8B2A8F8C1800A04A3D /* Assets.xcassets */ = {isa = PBXFileReference; lastKnownFileType = folder.assetcatalog; path = Assets.xcassets; sourceTree = "<group>"; };
		3E444A8E2A8F8C1800A04A3D /* Preview Assets.xcassets */ = {isa = PBXFileReference; lastKnownFileType = folder.assetcatalog; path = "Preview Assets.xcassets"; sourceTree = "<group>"; };
		3E444A972A8FF55700A04A3D /* SignInView.swift */ = {isa = PBXFileReference; lastKnownFileType = sourcecode.swift; path = SignInView.swift; sourceTree = "<group>"; };
		3E444A9A2A8FF97700A04A3D /* Network.swift */ = {isa = PBXFileReference; lastKnownFileType = sourcecode.swift; path = Network.swift; sourceTree = "<group>"; };
		3E444A9C2A8FFC0800A04A3D /* LoginView.swift */ = {isa = PBXFileReference; lastKnownFileType = sourcecode.swift; path = LoginView.swift; sourceTree = "<group>"; };
		3E444A9E2A8FFD9200A04A3D /* ProfileDetailView.swift */ = {isa = PBXFileReference; lastKnownFileType = sourcecode.swift; path = ProfileDetailView.swift; sourceTree = "<group>"; };
		3E444AA12A8FFEED00A04A3D /* UserDefaultManager.swift */ = {isa = PBXFileReference; lastKnownFileType = sourcecode.swift; path = UserDefaultManager.swift; sourceTree = "<group>"; };
		3E444AA42A90407E00A04A3D /* MainView.swift */ = {isa = PBXFileReference; lastKnownFileType = sourcecode.swift; path = MainView.swift; sourceTree = "<group>"; };
		3E444AA62A90408E00A04A3D /* GroupListArea.swift */ = {isa = PBXFileReference; lastKnownFileType = sourcecode.swift; path = GroupListArea.swift; sourceTree = "<group>"; };
		3E444AA92A90411D00A04A3D /* ColorExtension.swift */ = {isa = PBXFileReference; lastKnownFileType = sourcecode.swift; path = ColorExtension.swift; sourceTree = "<group>"; };
		3E444AAD2A90415200A04A3D /* FontExtension.swift */ = {isa = PBXFileReference; lastKnownFileType = sourcecode.swift; path = FontExtension.swift; sourceTree = "<group>"; };
		3E444AB02A9041DC00A04A3D /* Pretendard-SemiBold.otf */ = {isa = PBXFileReference; lastKnownFileType = file; path = "Pretendard-SemiBold.otf"; sourceTree = "<group>"; };
		3E444AB12A9041DC00A04A3D /* Pretendard-ExtraLight.otf */ = {isa = PBXFileReference; lastKnownFileType = file; path = "Pretendard-ExtraLight.otf"; sourceTree = "<group>"; };
		3E444AB22A9041DC00A04A3D /* Pretendard-ExtraBold.otf */ = {isa = PBXFileReference; lastKnownFileType = file; path = "Pretendard-ExtraBold.otf"; sourceTree = "<group>"; };
		3E444AB32A9041DC00A04A3D /* Pretendard-Bold.otf */ = {isa = PBXFileReference; lastKnownFileType = file; path = "Pretendard-Bold.otf"; sourceTree = "<group>"; };
		3E444AB42A9041DC00A04A3D /* Pretendard-Light.otf */ = {isa = PBXFileReference; lastKnownFileType = file; path = "Pretendard-Light.otf"; sourceTree = "<group>"; };
		3E444AB52A9041DC00A04A3D /* Pretendard-Black.otf */ = {isa = PBXFileReference; lastKnownFileType = file; path = "Pretendard-Black.otf"; sourceTree = "<group>"; };
		3E444AB62A9041DC00A04A3D /* Pretendard-Medium.otf */ = {isa = PBXFileReference; lastKnownFileType = file; path = "Pretendard-Medium.otf"; sourceTree = "<group>"; };
		3E444AB72A9041DC00A04A3D /* Pretendard-Thin.otf */ = {isa = PBXFileReference; lastKnownFileType = file; path = "Pretendard-Thin.otf"; sourceTree = "<group>"; };
		3E444AB82A9041DC00A04A3D /* Pretendard-Regular.otf */ = {isa = PBXFileReference; lastKnownFileType = file; path = "Pretendard-Regular.otf"; sourceTree = "<group>"; };
		3E444AC32A90424200A04A3D /* MyPageView.swift */ = {isa = PBXFileReference; lastKnownFileType = sourcecode.swift; path = MyPageView.swift; sourceTree = "<group>"; };
		3E444AC52A90439E00A04A3D /* Info.plist */ = {isa = PBXFileReference; lastKnownFileType = text.plist; path = Info.plist; sourceTree = "<group>"; };
		3E444AC72A90E43000A04A3D /* MainViewComponent.swift */ = {isa = PBXFileReference; lastKnownFileType = sourcecode.swift; path = MainViewComponent.swift; sourceTree = "<group>"; };
		3E444ACA2A90E84900A04A3D /* TripModel.swift */ = {isa = PBXFileReference; lastKnownFileType = sourcecode.swift; path = TripModel.swift; sourceTree = "<group>"; };
/* End PBXFileReference section */

/* Begin PBXFrameworksBuildPhase section */
		3E444A812A8F8C1600A04A3D /* Frameworks */ = {
			isa = PBXFrameworksBuildPhase;
			buildActionMask = 2147483647;
			files = (
			);
			runOnlyForDeploymentPostprocessing = 0;
		};
/* End PBXFrameworksBuildPhase section */

/* Begin PBXGroup section */
		3E444A7B2A8F8C1600A04A3D = {
			isa = PBXGroup;
			children = (
				3E444A862A8F8C1600A04A3D /* Junction */,
				3E444A852A8F8C1600A04A3D /* Products */,
			);
			sourceTree = "<group>";
		};
		3E444A852A8F8C1600A04A3D /* Products */ = {
			isa = PBXGroup;
			children = (
				3E444A842A8F8C1600A04A3D /* Junction.app */,
			);
			name = Products;
			sourceTree = "<group>";
		};
		3E444A862A8F8C1600A04A3D /* Junction */ = {
			isa = PBXGroup;
			children = (
				3E444AC92A90E83800A04A3D /* Model */,
				3E444AC52A90439E00A04A3D /* Info.plist */,
				3E444AA02A8FFEC900A04A3D /* UserDefault */,
				3E444A872A8F8C1600A04A3D /* JunctionApp.swift */,
				3E444A892A8F8C1600A04A3D /* ContentView.swift */,
				3E444A962A8FF3FD00A04A3D /* Network */,
				3E444A952A8FF3F600A04A3D /* View */,
				3E444AA82A90410B00A04A3D /* Utils */,
				3E444A8B2A8F8C1800A04A3D /* Assets.xcassets */,
				3E444A9E2A8FFD9200A04A3D /* ProfileDetailView.swift */,
				3E444A8D2A8F8C1800A04A3D /* Preview Content */,
			);
			path = Junction;
			sourceTree = "<group>";
		};
		3E444A8D2A8F8C1800A04A3D /* Preview Content */ = {
			isa = PBXGroup;
			children = (
				3E444A8E2A8F8C1800A04A3D /* Preview Assets.xcassets */,
			);
			path = "Preview Content";
			sourceTree = "<group>";
		};
		3E444A952A8FF3F600A04A3D /* View */ = {
			isa = PBXGroup;
			children = (
				3E444AC62A90E41900A04A3D /* Component */,
				3E444AA32A90406800A04A3D /* Main */,
				3E444A992A8FF5B500A04A3D /* Login */,
				3E444AC22A90420800A04A3D /* MyPageView */,
			);
			path = View;
			sourceTree = "<group>";
		};
		3E444A962A8FF3FD00A04A3D /* Network */ = {
			isa = PBXGroup;
			children = (
				3E444A9A2A8FF97700A04A3D /* Network.swift */,
			);
			path = Network;
			sourceTree = "<group>";
		};
		3E444A992A8FF5B500A04A3D /* Login */ = {
			isa = PBXGroup;
			children = (
				3E444A972A8FF55700A04A3D /* SignInView.swift */,
				3E444A9C2A8FFC0800A04A3D /* LoginView.swift */,
			);
			path = Login;
			sourceTree = "<group>";
		};
		3E444AA02A8FFEC900A04A3D /* UserDefault */ = {
			isa = PBXGroup;
			children = (
				3E444AA12A8FFEED00A04A3D /* UserDefaultManager.swift */,
			);
			path = UserDefault;
			sourceTree = "<group>";
		};
		3E444AA32A90406800A04A3D /* Main */ = {
			isa = PBXGroup;
			children = (
				3E444AA42A90407E00A04A3D /* MainView.swift */,
				3E444AA62A90408E00A04A3D /* GroupListArea.swift */,
			);
			path = Main;
			sourceTree = "<group>";
		};
		3E444AA82A90410B00A04A3D /* Utils */ = {
			isa = PBXGroup;
			children = (
				3E444AAC2A90414300A04A3D /* Colors */,
				3E444AAB2A90413C00A04A3D /* Fonts */,
			);
			path = Utils;
			sourceTree = "<group>";
		};
		3E444AAB2A90413C00A04A3D /* Fonts */ = {
			isa = PBXGroup;
			children = (
				3E444AAF2A9041CC00A04A3D /* Pretendard */,
				3E444AAD2A90415200A04A3D /* FontExtension.swift */,
			);
			path = Fonts;
			sourceTree = "<group>";
		};
		3E444AAC2A90414300A04A3D /* Colors */ = {
			isa = PBXGroup;
			children = (
				3E444AA92A90411D00A04A3D /* ColorExtension.swift */,
			);
			path = Colors;
			sourceTree = "<group>";
		};
		3E444AAF2A9041CC00A04A3D /* Pretendard */ = {
			isa = PBXGroup;
			children = (
				3E444AB52A9041DC00A04A3D /* Pretendard-Black.otf */,
				3E444AB32A9041DC00A04A3D /* Pretendard-Bold.otf */,
				3E444AB22A9041DC00A04A3D /* Pretendard-ExtraBold.otf */,
				3E444AB12A9041DC00A04A3D /* Pretendard-ExtraLight.otf */,
				3E444AB42A9041DC00A04A3D /* Pretendard-Light.otf */,
				3E444AB62A9041DC00A04A3D /* Pretendard-Medium.otf */,
				3E444AB82A9041DC00A04A3D /* Pretendard-Regular.otf */,
				3E444AB02A9041DC00A04A3D /* Pretendard-SemiBold.otf */,
				3E444AB72A9041DC00A04A3D /* Pretendard-Thin.otf */,
			);
			path = Pretendard;
			sourceTree = "<group>";
		};
		3E444AC22A90420800A04A3D /* MyPageView */ = {
			isa = PBXGroup;
			children = (
				3E444AC32A90424200A04A3D /* MyPageView.swift */,
			);
			path = MyPageView;
			sourceTree = "<group>";
		};
		3E444AC62A90E41900A04A3D /* Component */ = {
			isa = PBXGroup;
			children = (
				3E444AC72A90E43000A04A3D /* MainViewComponent.swift */,
			);
			path = Component;
			sourceTree = "<group>";
		};
		3E444AC92A90E83800A04A3D /* Model */ = {
			isa = PBXGroup;
			children = (
				3E444ACA2A90E84900A04A3D /* TripModel.swift */,
			);
			path = Model;
			sourceTree = "<group>";
		};
/* End PBXGroup section */

/* Begin PBXNativeTarget section */
		3E444A832A8F8C1600A04A3D /* Junction */ = {
			isa = PBXNativeTarget;
			buildConfigurationList = 3E444A922A8F8C1800A04A3D /* Build configuration list for PBXNativeTarget "Junction" */;
			buildPhases = (
				3E444A802A8F8C1600A04A3D /* Sources */,
				3E444A812A8F8C1600A04A3D /* Frameworks */,
				3E444A822A8F8C1600A04A3D /* Resources */,
			);
			buildRules = (
			);
			dependencies = (
			);
			name = Junction;
			productName = Junction;
			productReference = 3E444A842A8F8C1600A04A3D /* Junction.app */;
			productType = "com.apple.product-type.application";
		};
/* End PBXNativeTarget section */

/* Begin PBXProject section */
		3E444A7C2A8F8C1600A04A3D /* Project object */ = {
			isa = PBXProject;
			attributes = {
				BuildIndependentTargetsInParallel = 1;
				LastSwiftUpdateCheck = 1430;
				LastUpgradeCheck = 1430;
				TargetAttributes = {
					3E444A832A8F8C1600A04A3D = {
						CreatedOnToolsVersion = 14.3.1;
					};
				};
			};
			buildConfigurationList = 3E444A7F2A8F8C1600A04A3D /* Build configuration list for PBXProject "Junction" */;
			compatibilityVersion = "Xcode 14.0";
			developmentRegion = en;
			hasScannedForEncodings = 0;
			knownRegions = (
				en,
				Base,
			);
			mainGroup = 3E444A7B2A8F8C1600A04A3D;
			productRefGroup = 3E444A852A8F8C1600A04A3D /* Products */;
			projectDirPath = "";
			projectRoot = "";
			targets = (
				3E444A832A8F8C1600A04A3D /* Junction */,
			);
		};
/* End PBXProject section */

/* Begin PBXResourcesBuildPhase section */
		3E444A822A8F8C1600A04A3D /* Resources */ = {
			isa = PBXResourcesBuildPhase;
			buildActionMask = 2147483647;
			files = (
				3E444AB92A9041DC00A04A3D /* Pretendard-SemiBold.otf in Resources */,
				3E444AC02A9041DC00A04A3D /* Pretendard-Thin.otf in Resources */,
				3E444ABC2A9041DC00A04A3D /* Pretendard-Bold.otf in Resources */,
				3E444A8F2A8F8C1800A04A3D /* Preview Assets.xcassets in Resources */,
				3E444ABB2A9041DC00A04A3D /* Pretendard-ExtraBold.otf in Resources */,
				3E444ABD2A9041DC00A04A3D /* Pretendard-Light.otf in Resources */,
				3E444ABA2A9041DC00A04A3D /* Pretendard-ExtraLight.otf in Resources */,
				3E444ABE2A9041DC00A04A3D /* Pretendard-Black.otf in Resources */,
				3E444AC12A9041DC00A04A3D /* Pretendard-Regular.otf in Resources */,
				3E444A8C2A8F8C1800A04A3D /* Assets.xcassets in Resources */,
				3E444ABF2A9041DC00A04A3D /* Pretendard-Medium.otf in Resources */,
			);
			runOnlyForDeploymentPostprocessing = 0;
		};
/* End PBXResourcesBuildPhase section */

/* Begin PBXSourcesBuildPhase section */
		3E444A802A8F8C1600A04A3D /* Sources */ = {
			isa = PBXSourcesBuildPhase;
			buildActionMask = 2147483647;
			files = (
				3E444A982A8FF55700A04A3D /* SignInView.swift in Sources */,
				3E444AA52A90407E00A04A3D /* MainView.swift in Sources */,
				3E444A8A2A8F8C1600A04A3D /* ContentView.swift in Sources */,
				3E444AA72A90408E00A04A3D /* GroupListArea.swift in Sources */,
				3E444A9B2A8FF97700A04A3D /* Network.swift in Sources */,
				3E444AC42A90424200A04A3D /* MyPageView.swift in Sources */,
				3E444ACB2A90E84900A04A3D /* TripModel.swift in Sources */,
				3E444A9D2A8FFC0800A04A3D /* LoginView.swift in Sources */,
				3E444A882A8F8C1600A04A3D /* JunctionApp.swift in Sources */,
				3E444AC82A90E43000A04A3D /* MainViewComponent.swift in Sources */,
				3E444A9F2A8FFD9200A04A3D /* ProfileDetailView.swift in Sources */,
				3E444AA22A8FFEED00A04A3D /* UserDefaultManager.swift in Sources */,
				3E444AAE2A90415200A04A3D /* FontExtension.swift in Sources */,
				3E444AAA2A90411D00A04A3D /* ColorExtension.swift in Sources */,
			);
			runOnlyForDeploymentPostprocessing = 0;
		};
/* End PBXSourcesBuildPhase section */

/* Begin XCBuildConfiguration section */
		3E444A902A8F8C1800A04A3D /* Debug */ = {
			isa = XCBuildConfiguration;
			buildSettings = {
				ALWAYS_SEARCH_USER_PATHS = NO;
				CLANG_ANALYZER_NONNULL = YES;
				CLANG_ANALYZER_NUMBER_OBJECT_CONVERSION = YES_AGGRESSIVE;
				CLANG_CXX_LANGUAGE_STANDARD = "gnu++20";
				CLANG_ENABLE_MODULES = YES;
				CLANG_ENABLE_OBJC_ARC = YES;
				CLANG_ENABLE_OBJC_WEAK = YES;
				CLANG_WARN_BLOCK_CAPTURE_AUTORELEASING = YES;
				CLANG_WARN_BOOL_CONVERSION = YES;
				CLANG_WARN_COMMA = YES;
				CLANG_WARN_CONSTANT_CONVERSION = YES;
				CLANG_WARN_DEPRECATED_OBJC_IMPLEMENTATIONS = YES;
				CLANG_WARN_DIRECT_OBJC_ISA_USAGE = YES_ERROR;
				CLANG_WARN_DOCUMENTATION_COMMENTS = YES;
				CLANG_WARN_EMPTY_BODY = YES;
				CLANG_WARN_ENUM_CONVERSION = YES;
				CLANG_WARN_INFINITE_RECURSION = YES;
				CLANG_WARN_INT_CONVERSION = YES;
				CLANG_WARN_NON_LITERAL_NULL_CONVERSION = YES;
				CLANG_WARN_OBJC_IMPLICIT_RETAIN_SELF = YES;
				CLANG_WARN_OBJC_LITERAL_CONVERSION = YES;
				CLANG_WARN_OBJC_ROOT_CLASS = YES_ERROR;
				CLANG_WARN_QUOTED_INCLUDE_IN_FRAMEWORK_HEADER = YES;
				CLANG_WARN_RANGE_LOOP_ANALYSIS = YES;
				CLANG_WARN_STRICT_PROTOTYPES = YES;
				CLANG_WARN_SUSPICIOUS_MOVE = YES;
				CLANG_WARN_UNGUARDED_AVAILABILITY = YES_AGGRESSIVE;
				CLANG_WARN_UNREACHABLE_CODE = YES;
				CLANG_WARN__DUPLICATE_METHOD_MATCH = YES;
				COPY_PHASE_STRIP = NO;
				DEBUG_INFORMATION_FORMAT = dwarf;
				ENABLE_STRICT_OBJC_MSGSEND = YES;
				ENABLE_TESTABILITY = YES;
				GCC_C_LANGUAGE_STANDARD = gnu11;
				GCC_DYNAMIC_NO_PIC = NO;
				GCC_NO_COMMON_BLOCKS = YES;
				GCC_OPTIMIZATION_LEVEL = 0;
				GCC_PREPROCESSOR_DEFINITIONS = (
					"DEBUG=1",
					"$(inherited)",
				);
				GCC_WARN_64_TO_32_BIT_CONVERSION = YES;
				GCC_WARN_ABOUT_RETURN_TYPE = YES_ERROR;
				GCC_WARN_UNDECLARED_SELECTOR = YES;
				GCC_WARN_UNINITIALIZED_AUTOS = YES_AGGRESSIVE;
				GCC_WARN_UNUSED_FUNCTION = YES;
				GCC_WARN_UNUSED_VARIABLE = YES;
				IPHONEOS_DEPLOYMENT_TARGET = 16.4;
				MTL_ENABLE_DEBUG_INFO = INCLUDE_SOURCE;
				MTL_FAST_MATH = YES;
				ONLY_ACTIVE_ARCH = YES;
				SDKROOT = iphoneos;
				SWIFT_ACTIVE_COMPILATION_CONDITIONS = DEBUG;
				SWIFT_OPTIMIZATION_LEVEL = "-Onone";
			};
			name = Debug;
		};
		3E444A912A8F8C1800A04A3D /* Release */ = {
			isa = XCBuildConfiguration;
			buildSettings = {
				ALWAYS_SEARCH_USER_PATHS = NO;
				CLANG_ANALYZER_NONNULL = YES;
				CLANG_ANALYZER_NUMBER_OBJECT_CONVERSION = YES_AGGRESSIVE;
				CLANG_CXX_LANGUAGE_STANDARD = "gnu++20";
				CLANG_ENABLE_MODULES = YES;
				CLANG_ENABLE_OBJC_ARC = YES;
				CLANG_ENABLE_OBJC_WEAK = YES;
				CLANG_WARN_BLOCK_CAPTURE_AUTORELEASING = YES;
				CLANG_WARN_BOOL_CONVERSION = YES;
				CLANG_WARN_COMMA = YES;
				CLANG_WARN_CONSTANT_CONVERSION = YES;
				CLANG_WARN_DEPRECATED_OBJC_IMPLEMENTATIONS = YES;
				CLANG_WARN_DIRECT_OBJC_ISA_USAGE = YES_ERROR;
				CLANG_WARN_DOCUMENTATION_COMMENTS = YES;
				CLANG_WARN_EMPTY_BODY = YES;
				CLANG_WARN_ENUM_CONVERSION = YES;
				CLANG_WARN_INFINITE_RECURSION = YES;
				CLANG_WARN_INT_CONVERSION = YES;
				CLANG_WARN_NON_LITERAL_NULL_CONVERSION = YES;
				CLANG_WARN_OBJC_IMPLICIT_RETAIN_SELF = YES;
				CLANG_WARN_OBJC_LITERAL_CONVERSION = YES;
				CLANG_WARN_OBJC_ROOT_CLASS = YES_ERROR;
				CLANG_WARN_QUOTED_INCLUDE_IN_FRAMEWORK_HEADER = YES;
				CLANG_WARN_RANGE_LOOP_ANALYSIS = YES;
				CLANG_WARN_STRICT_PROTOTYPES = YES;
				CLANG_WARN_SUSPICIOUS_MOVE = YES;
				CLANG_WARN_UNGUARDED_AVAILABILITY = YES_AGGRESSIVE;
				CLANG_WARN_UNREACHABLE_CODE = YES;
				CLANG_WARN__DUPLICATE_METHOD_MATCH = YES;
				COPY_PHASE_STRIP = NO;
				DEBUG_INFORMATION_FORMAT = "dwarf-with-dsym";
				ENABLE_NS_ASSERTIONS = NO;
				ENABLE_STRICT_OBJC_MSGSEND = YES;
				GCC_C_LANGUAGE_STANDARD = gnu11;
				GCC_NO_COMMON_BLOCKS = YES;
				GCC_WARN_64_TO_32_BIT_CONVERSION = YES;
				GCC_WARN_ABOUT_RETURN_TYPE = YES_ERROR;
				GCC_WARN_UNDECLARED_SELECTOR = YES;
				GCC_WARN_UNINITIALIZED_AUTOS = YES_AGGRESSIVE;
				GCC_WARN_UNUSED_FUNCTION = YES;
				GCC_WARN_UNUSED_VARIABLE = YES;
				IPHONEOS_DEPLOYMENT_TARGET = 16.4;
				MTL_ENABLE_DEBUG_INFO = NO;
				MTL_FAST_MATH = YES;
				SDKROOT = iphoneos;
				SWIFT_COMPILATION_MODE = wholemodule;
				SWIFT_OPTIMIZATION_LEVEL = "-O";
				VALIDATE_PRODUCT = YES;
			};
			name = Release;
		};
		3E444A932A8F8C1800A04A3D /* Debug */ = {
			isa = XCBuildConfiguration;
			buildSettings = {
				ASSETCATALOG_COMPILER_APPICON_NAME = AppIcon;
				ASSETCATALOG_COMPILER_GLOBAL_ACCENT_COLOR_NAME = AccentColor;
				CODE_SIGN_STYLE = Automatic;
				CURRENT_PROJECT_VERSION = 1;
				DEVELOPMENT_ASSET_PATHS = "\"Junction/Preview Content\"";
				DEVELOPMENT_TEAM = GZMCL5Q7N2;
				ENABLE_PREVIEWS = YES;
				GENERATE_INFOPLIST_FILE = YES;
				INFOPLIST_FILE = Junction/Info.plist;
				INFOPLIST_KEY_UIApplicationSceneManifest_Generation = YES;
				INFOPLIST_KEY_UIApplicationSupportsIndirectInputEvents = YES;
				INFOPLIST_KEY_UILaunchScreen_Generation = YES;
				INFOPLIST_KEY_UISupportedInterfaceOrientations_iPad = "UIInterfaceOrientationPortrait UIInterfaceOrientationPortraitUpsideDown UIInterfaceOrientationLandscapeLeft UIInterfaceOrientationLandscapeRight";
				INFOPLIST_KEY_UISupportedInterfaceOrientations_iPhone = "UIInterfaceOrientationPortrait UIInterfaceOrientationLandscapeLeft UIInterfaceOrientationLandscapeRight";
				LD_RUNPATH_SEARCH_PATHS = (
					"$(inherited)",
					"@executable_path/Frameworks",
				);
				MARKETING_VERSION = 1.0;
				PRODUCT_BUNDLE_IDENTIFIER = com.bokyung.Junction;
				PRODUCT_NAME = "$(TARGET_NAME)";
				SWIFT_EMIT_LOC_STRINGS = YES;
				SWIFT_VERSION = 5.0;
				TARGETED_DEVICE_FAMILY = "1,2";
			};
			name = Debug;
		};
		3E444A942A8F8C1800A04A3D /* Release */ = {
			isa = XCBuildConfiguration;
			buildSettings = {
				ASSETCATALOG_COMPILER_APPICON_NAME = AppIcon;
				ASSETCATALOG_COMPILER_GLOBAL_ACCENT_COLOR_NAME = AccentColor;
				CODE_SIGN_STYLE = Automatic;
				CURRENT_PROJECT_VERSION = 1;
				DEVELOPMENT_ASSET_PATHS = "\"Junction/Preview Content\"";
				DEVELOPMENT_TEAM = GZMCL5Q7N2;
				ENABLE_PREVIEWS = YES;
				GENERATE_INFOPLIST_FILE = YES;
				INFOPLIST_FILE = Junction/Info.plist;
				INFOPLIST_KEY_UIApplicationSceneManifest_Generation = YES;
				INFOPLIST_KEY_UIApplicationSupportsIndirectInputEvents = YES;
				INFOPLIST_KEY_UILaunchScreen_Generation = YES;
				INFOPLIST_KEY_UISupportedInterfaceOrientations_iPad = "UIInterfaceOrientationPortrait UIInterfaceOrientationPortraitUpsideDown UIInterfaceOrientationLandscapeLeft UIInterfaceOrientationLandscapeRight";
				INFOPLIST_KEY_UISupportedInterfaceOrientations_iPhone = "UIInterfaceOrientationPortrait UIInterfaceOrientationLandscapeLeft UIInterfaceOrientationLandscapeRight";
				LD_RUNPATH_SEARCH_PATHS = (
					"$(inherited)",
					"@executable_path/Frameworks",
				);
				MARKETING_VERSION = 1.0;
				PRODUCT_BUNDLE_IDENTIFIER = com.bokyung.Junction;
				PRODUCT_NAME = "$(TARGET_NAME)";
				SWIFT_EMIT_LOC_STRINGS = YES;
				SWIFT_VERSION = 5.0;
				TARGETED_DEVICE_FAMILY = "1,2";
			};
			name = Release;
		};
/* End XCBuildConfiguration section */

/* Begin XCConfigurationList section */
		3E444A7F2A8F8C1600A04A3D /* Build configuration list for PBXProject "Junction" */ = {
			isa = XCConfigurationList;
			buildConfigurations = (
				3E444A902A8F8C1800A04A3D /* Debug */,
				3E444A912A8F8C1800A04A3D /* Release */,
			);
			defaultConfigurationIsVisible = 0;
			defaultConfigurationName = Release;
		};
		3E444A922A8F8C1800A04A3D /* Build configuration list for PBXNativeTarget "Junction" */ = {
			isa = XCConfigurationList;
			buildConfigurations = (
				3E444A932A8F8C1800A04A3D /* Debug */,
				3E444A942A8F8C1800A04A3D /* Release */,
			);
			defaultConfigurationIsVisible = 0;
			defaultConfigurationName = Release;
		};
/* End XCConfigurationList section */
	};
	rootObject = 3E444A7C2A8F8C1600A04A3D /* Project object */;
}
